
Microsoft Visual Studio Solution File, Format Version 12.00
# Visual Studio 15
VisualStudioVersion = 15.0.27428.2037
MinimumVisualStudioVersion = 10.0.40219.1
Project("{FAE04EC0-301F-11D3-BF4B-00C04F79EFBC}") = "F18I4DABH3Gr27", "F18I4DABH3Gr27\F18I4DABH3Gr27.csproj", "{D7DB92AD-EBF2-4382-8183-D9A813159E77}"
EndProject
Global
	GlobalSection(SolutionConfigurationPlatforms) = preSolution
		Debug|Any CPU = Debug|Any CPU
		Release|Any CPU = Release|Any CPU
	EndGlobalSection
	GlobalSection(ProjectConfigurationPlatforms) = postSolution
		{D7DB92AD-EBF2-4382-8183-D9A813159E77}.Debug|Any CPU.ActiveCfg = Debug|Any CPU
		{D7DB92AD-EBF2-4382-8183-D9A813159E77}.Debug|Any CPU.Build.0 = Debug|Any CPU
		{D7DB92AD-EBF2-4382-8183-D9A813159E77}.Release|Any CPU.ActiveCfg = Release|Any CPU
		{D7DB92AD-EBF2-4382-8183-D9A813159E77}.Release|Any CPU.Build.0 = Release|Any CPU
	EndGlobalSection
	GlobalSection(SolutionProperties) = preSolution
		HideSolutionNode = FALSE
	EndGlobalSection
	GlobalSection(ExtensibilityGlobals) = postSolution
		SolutionGuid = {F52FF52C-F58C-4148-A0A8-B928340B621A}
	EndGlobalSection
EndGlobal
